{
  "name": "cdond-c3-projectstarter",
  "lockfileVersion": 2,
  "requires": true,
  "packages": {
    "": {
      "dependencies": {
        "ansible": "^0.1.1-alpha1"
      }
    },
    "node_modules/ansible": {
      "version": "0.1.1-alpha1",
      "resolved": "https://registry.npmjs.org/ansible/-/ansible-0.1.1-alpha1.tgz",
      "integrity": "sha512-kG4/lznC03qid9Za9Kma0q/CMY95l9Jfm5mcbjh9TML5w24a+Mid67d7D8hWV2Ma3GQ5Wa670YTRHYk0fc0QgA==",
      "dependencies": {
        "shjs": "^0.1.0"
      }
    },
    "node_modules/shjs": {
      "version": "0.1.0",
      "resolved": "https://registry.npmjs.org/shjs/-/shjs-0.1.0.tgz",
      "integrity": "sha1-KvcQtZyRlgOdpZndaJQAnQtz7HQ="
    }
  },
  "dependencies": {
    "ansible": {
      "version": "0.1.1-alpha1",
      "resolved": "https://registry.npmjs.org/ansible/-/ansible-0.1.1-alpha1.tgz",
      "integrity": "sha512-kG4/lznC03qid9Za9Kma0q/CMY95l9Jfm5mcbjh9TML5w24a+Mid67d7D8hWV2Ma3GQ5Wa670YTRHYk0fc0QgA==",
      "requires": {
        "shjs": "^0.1.0"
      }
    },
    "shjs": {
      "version": "0.1.0",
      "resolved": "https://registry.npmjs.org/shjs/-/shjs-0.1.0.tgz",
      "integrity": "sha1-KvcQtZyRlgOdpZndaJQAnQtz7HQ="
    }
  }
}
