# THIS IS AN AUTOGENERATED FILE. DO NOT EDIT THIS FILE DIRECTLY.
# yarn lockfile v1


ansible@^0.1.1-alpha1:
  version "0.1.1-alpha1"
  resolved "https://registry.npmjs.org/ansible/-/ansible-0.1.1-alpha1.tgz#60cd5a71fe4c3d3508183fe7e4dea2a353ccfd35"
  integrity sha512-kG4/lznC03qid9Za9Kma0q/CMY95l9Jfm5mcbjh9TML5w24a+Mid67d7D8hWV2Ma3GQ5Wa670YTRHYk0fc0QgA==
  dependencies:
    shjs "^0.1.0"

shjs@^0.1.0:
  version "0.1.0"
  resolved "https://registry.npmjs.org/shjs/-/shjs-0.1.0.tgz#2af710b59c9196039da599dd6894009d0b73ec74"
  integrity sha1-KvcQtZyRlgOdpZndaJQAnQtz7HQ=
